// !$*UTF8*$!
{
	archiveVersion = 1;
	classes = {
	};
	objectVersion = 56;
	objects = {

/* Begin PBXBuildFile section */
		0C9E79902BDF975800762566 /* AppDelegate.swift in Sources */ = {isa = PBXBuildFile; fileRef = 0C9E798F2BDF975800762566 /* AppDelegate.swift */; };
		0C9E79922BDF975800762566 /* SceneDelegate.swift in Sources */ = {isa = PBXBuildFile; fileRef = 0C9E79912BDF975800762566 /* SceneDelegate.swift */; };
		0C9E79942BDF975800762566 /* SearchViewController.swift in Sources */ = {isa = PBXBuildFile; fileRef = 0C9E79932BDF975800762566 /* SearchViewController.swift */; };
		0C9E79972BDF975800762566 /* Main.storyboard in Resources */ = {isa = PBXBuildFile; fileRef = 0C9E79952BDF975800762566 /* Main.storyboard */; };
		0C9E79992BDF975D00762566 /* Assets.xcassets in Resources */ = {isa = PBXBuildFile; fileRef = 0C9E79982BDF975D00762566 /* Assets.xcassets */; };
		0C9E799C2BDF975D00762566 /* LaunchScreen.storyboard in Resources */ = {isa = PBXBuildFile; fileRef = 0C9E799A2BDF975D00762566 /* LaunchScreen.storyboard */; };
		0C9E79A52BDF987B00762566 /* SearchViewControllerViewModel.swift in Sources */ = {isa = PBXBuildFile; fileRef = 0C9E79A42BDF987B00762566 /* SearchViewControllerViewModel.swift */; };
		0C9E79AB2BDF9FFC00762566 /* APIService.swift in Sources */ = {isa = PBXBuildFile; fileRef = 0C9E79AA2BDF9FFC00762566 /* APIService.swift */; };
		0C9E79AD2BDFA22F00762566 /* UnsplashResponse.swift in Sources */ = {isa = PBXBuildFile; fileRef = 0C9E79AC2BDFA22F00762566 /* UnsplashResponse.swift */; };
		0C9E79AF2BDFA23700762566 /* UnsplashPhoto.swift in Sources */ = {isa = PBXBuildFile; fileRef = 0C9E79AE2BDFA23700762566 /* UnsplashPhoto.swift */; };
/* End PBXBuildFile section */

/* Begin PBXFileReference section */
		0C9E798C2BDF975800762566 /* dacadoo technical exercise.app */ = {isa = PBXFileReference; explicitFileType = wrapper.application; includeInIndex = 0; path = "dacadoo technical exercise.app"; sourceTree = BUILT_PRODUCTS_DIR; };
		0C9E798F2BDF975800762566 /* AppDelegate.swift */ = {isa = PBXFileReference; lastKnownFileType = sourcecode.swift; path = AppDelegate.swift; sourceTree = "<group>"; };
		0C9E79912BDF975800762566 /* SceneDelegate.swift */ = {isa = PBXFileReference; lastKnownFileType = sourcecode.swift; path = SceneDelegate.swift; sourceTree = "<group>"; };
		0C9E79932BDF975800762566 /* SearchViewController.swift */ = {isa = PBXFileReference; lastKnownFileType = sourcecode.swift; path = SearchViewController.swift; sourceTree = "<group>"; };
		0C9E79962BDF975800762566 /* Base */ = {isa = PBXFileReference; lastKnownFileType = file.storyboard; name = Base; path = Base.lproj/Main.storyboard; sourceTree = "<group>"; };
		0C9E79982BDF975D00762566 /* Assets.xcassets */ = {isa = PBXFileReference; lastKnownFileType = folder.assetcatalog; path = Assets.xcassets; sourceTree = "<group>"; };
		0C9E799B2BDF975D00762566 /* Base */ = {isa = PBXFileReference; lastKnownFileType = file.storyboard; name = Base; path = Base.lproj/LaunchScreen.storyboard; sourceTree = "<group>"; };
		0C9E799D2BDF975D00762566 /* Info.plist */ = {isa = PBXFileReference; lastKnownFileType = text.plist.xml; path = Info.plist; sourceTree = "<group>"; };
		0C9E79A42BDF987B00762566 /* SearchViewControllerViewModel.swift */ = {isa = PBXFileReference; lastKnownFileType = sourcecode.swift; path = SearchViewControllerViewModel.swift; sourceTree = "<group>"; };
		0C9E79AA2BDF9FFC00762566 /* APIService.swift */ = {isa = PBXFileReference; lastKnownFileType = sourcecode.swift; path = APIService.swift; sourceTree = "<group>"; };
		0C9E79AC2BDFA22F00762566 /* UnsplashResponse.swift */ = {isa = PBXFileReference; lastKnownFileType = sourcecode.swift; path = UnsplashResponse.swift; sourceTree = "<group>"; };
		0C9E79AE2BDFA23700762566 /* UnsplashPhoto.swift */ = {isa = PBXFileReference; lastKnownFileType = sourcecode.swift; path = UnsplashPhoto.swift; sourceTree = "<group>"; };
/* End PBXFileReference section */

/* Begin PBXFrameworksBuildPhase section */
		0C9E79892BDF975800762566 /* Frameworks */ = {
			isa = PBXFrameworksBuildPhase;
			buildActionMask = 2147483647;
			files = (
			);
			runOnlyForDeploymentPostprocessing = 0;
		};
/* End PBXFrameworksBuildPhase section */

/* Begin PBXGroup section */
		0C9E79832BDF975800762566 = {
			isa = PBXGroup;
			children = (
				0C9E798E2BDF975800762566 /* dacadoo technical exercise */,
				0C9E798D2BDF975800762566 /* Products */,
			);
			sourceTree = "<group>";
		};
		0C9E798D2BDF975800762566 /* Products */ = {
			isa = PBXGroup;
			children = (
				0C9E798C2BDF975800762566 /* dacadoo technical exercise.app */,
			);
			name = Products;
			sourceTree = "<group>";
		};
		0C9E798E2BDF975800762566 /* dacadoo technical exercise */ = {
			isa = PBXGroup;
			children = (
				0C9E79A92BDF9FF000762566 /* Services */,
				0C9E79A62BDF989600762566 /* Models */,
				0C9E79A32BDF985800762566 /* ViewControllers */,
				0C9E798F2BDF975800762566 /* AppDelegate.swift */,
				0C9E79912BDF975800762566 /* SceneDelegate.swift */,
				0C9E79952BDF975800762566 /* Main.storyboard */,
				0C9E79982BDF975D00762566 /* Assets.xcassets */,
				0C9E799A2BDF975D00762566 /* LaunchScreen.storyboard */,
				0C9E799D2BDF975D00762566 /* Info.plist */,
			);
			path = "dacadoo technical exercise";
			sourceTree = "<group>";
		};
		0C9E79A32BDF985800762566 /* ViewControllers */ = {
			isa = PBXGroup;
			children = (
				0C9E79A82BDF98C100762566 /* DetailsViewController */,
				0C9E79A72BDF98B900762566 /* MainViewController */,
			);
			path = ViewControllers;
			sourceTree = "<group>";
		};
		0C9E79A62BDF989600762566 /* Models */ = {
			isa = PBXGroup;
			children = (
				0C9E79AC2BDFA22F00762566 /* UnsplashResponse.swift */,
				0C9E79AE2BDFA23700762566 /* UnsplashPhoto.swift */,
			);
			path = Models;
			sourceTree = "<group>";
		};
		0C9E79A72BDF98B900762566 /* MainViewController */ = {
			isa = PBXGroup;
			children = (
				0C9E79932BDF975800762566 /* SearchViewController.swift */,
				0C9E79A42BDF987B00762566 /* SearchViewControllerViewModel.swift */,
			);
			path = MainViewController;
			sourceTree = "<group>";
		};
		0C9E79A82BDF98C100762566 /* DetailsViewController */ = {
			isa = PBXGroup;
			children = (
			);
			path = DetailsViewController;
			sourceTree = "<group>";
		};
		0C9E79A92BDF9FF000762566 /* Services */ = {
			isa = PBXGroup;
			children = (
				0C9E79AA2BDF9FFC00762566 /* APIService.swift */,
			);
			path = Services;
			sourceTree = "<group>";
		};
/* End PBXGroup section */

/* Begin PBXNativeTarget section */
		0C9E798B2BDF975800762566 /* dacadoo technical exercise */ = {
			isa = PBXNativeTarget;
			buildConfigurationList = 0C9E79A02BDF975D00762566 /* Build configuration list for PBXNativeTarget "dacadoo technical exercise" */;
			buildPhases = (
				0C9E79882BDF975800762566 /* Sources */,
				0C9E79892BDF975800762566 /* Frameworks */,
				0C9E798A2BDF975800762566 /* Resources */,
			);
			buildRules = (
			);
			dependencies = (
			);
			name = "dacadoo technical exercise";
			productName = "dacadoo technical exercise";
			productReference = 0C9E798C2BDF975800762566 /* dacadoo technical exercise.app */;
			productType = "com.apple.product-type.application";
		};
/* End PBXNativeTarget section */

/* Begin PBXProject section */
		0C9E79842BDF975800762566 /* Project object */ = {
			isa = PBXProject;
			attributes = {
				BuildIndependentTargetsInParallel = 1;
				LastSwiftUpdateCheck = 1520;
				LastUpgradeCheck = 1520;
				TargetAttributes = {
					0C9E798B2BDF975800762566 = {
						CreatedOnToolsVersion = 15.2;
					};
				};
			};
			buildConfigurationList = 0C9E79872BDF975800762566 /* Build configuration list for PBXProject "dacadoo technical exercise" */;
			compatibilityVersion = "Xcode 14.0";
			developmentRegion = en;
			hasScannedForEncodings = 0;
			knownRegions = (
				en,
				Base,
			);
			mainGroup = 0C9E79832BDF975800762566;
			productRefGroup = 0C9E798D2BDF975800762566 /* Products */;
			projectDirPath = "";
			projectRoot = "";
			targets = (
				0C9E798B2BDF975800762566 /* dacadoo technical exercise */,
			);
		};
/* End PBXProject section */

/* Begin PBXResourcesBuildPhase section */
		0C9E798A2BDF975800762566 /* Resources */ = {
			isa = PBXResourcesBuildPhase;
			buildActionMask = 2147483647;
			files = (
				0C9E799C2BDF975D00762566 /* LaunchScreen.storyboard in Resources */,
				0C9E79992BDF975D00762566 /* Assets.xcassets in Resources */,
				0C9E79972BDF975800762566 /* Main.storyboard in Resources */,
			);
			runOnlyForDeploymentPostprocessing = 0;
		};
/* End PBXResourcesBuildPhase section */

/* Begin PBXSourcesBuildPhase section */
		0C9E79882BDF975800762566 /* Sources */ = {
			isa = PBXSourcesBuildPhase;
			buildActionMask = 2147483647;
			files = (
				0C9E79A52BDF987B00762566 /* SearchViewControllerViewModel.swift in Sources */,
				0C9E79AB2BDF9FFC00762566 /* APIService.swift in Sources */,
				0C9E79942BDF975800762566 /* SearchViewController.swift in Sources */,
				0C9E79902BDF975800762566 /* AppDelegate.swift in Sources */,
				0C9E79AD2BDFA22F00762566 /* UnsplashResponse.swift in Sources */,
				0C9E79922BDF975800762566 /* SceneDelegate.swift in Sources */,
				0C9E79AF2BDFA23700762566 /* UnsplashPhoto.swift in Sources */,
			);
			runOnlyForDeploymentPostprocessing = 0;
		};
/* End PBXSourcesBuildPhase section */

/* Begin PBXVariantGroup section */
		0C9E79952BDF975800762566 /* Main.storyboard */ = {
			isa = PBXVariantGroup;
			children = (
				0C9E79962BDF975800762566 /* Base */,
			);
			name = Main.storyboard;
			sourceTree = "<group>";
		};
		0C9E799A2BDF975D00762566 /* LaunchScreen.storyboard */ = {
			isa = PBXVariantGroup;
			children = (
				0C9E799B2BDF975D00762566 /* Base */,
			);
			name = LaunchScreen.storyboard;
			sourceTree = "<group>";
		};
/* End PBXVariantGroup section */

/* Begin XCBuildConfiguration section */
		0C9E799E2BDF975D00762566 /* Debug */ = {
			isa = XCBuildConfiguration;
			buildSettings = {
				ALWAYS_SEARCH_USER_PATHS = NO;
				ASSETCATALOG_COMPILER_GENERATE_SWIFT_ASSET_SYMBOL_EXTENSIONS = YES;
				CLANG_ANALYZER_NONNULL = YES;
				CLANG_ANALYZER_NUMBER_OBJECT_CONVERSION = YES_AGGRESSIVE;
				CLANG_CXX_LANGUAGE_STANDARD = "gnu++20";
				CLANG_ENABLE_MODULES = YES;
				CLANG_ENABLE_OBJC_ARC = YES;
				CLANG_ENABLE_OBJC_WEAK = YES;
				CLANG_WARN_BLOCK_CAPTURE_AUTORELEASING = YES;
				CLANG_WARN_BOOL_CONVERSION = YES;
				CLANG_WARN_COMMA = YES;
				CLANG_WARN_CONSTANT_CONVERSION = YES;
				CLANG_WARN_DEPRECATED_OBJC_IMPLEMENTATIONS = YES;
				CLANG_WARN_DIRECT_OBJC_ISA_USAGE = YES_ERROR;
				CLANG_WARN_DOCUMENTATION_COMMENTS = YES;
				CLANG_WARN_EMPTY_BODY = YES;
				CLANG_WARN_ENUM_CONVERSION = YES;
				CLANG_WARN_INFINITE_RECURSION = YES;
				CLANG_WARN_INT_CONVERSION = YES;
				CLANG_WARN_NON_LITERAL_NULL_CONVERSION = YES;
				CLANG_WARN_OBJC_IMPLICIT_RETAIN_SELF = YES;
				CLANG_WARN_OBJC_LITERAL_CONVERSION = YES;
				CLANG_WARN_OBJC_ROOT_CLASS = YES_ERROR;
				CLANG_WARN_QUOTED_INCLUDE_IN_FRAMEWORK_HEADER = YES;
				CLANG_WARN_RANGE_LOOP_ANALYSIS = YES;
				CLANG_WARN_STRICT_PROTOTYPES = YES;
				CLANG_WARN_SUSPICIOUS_MOVE = YES;
				CLANG_WARN_UNGUARDED_AVAILABILITY = YES_AGGRESSIVE;
				CLANG_WARN_UNREACHABLE_CODE = YES;
				CLANG_WARN__DUPLICATE_METHOD_MATCH = YES;
				COPY_PHASE_STRIP = NO;
				DEBUG_INFORMATION_FORMAT = dwarf;
				ENABLE_STRICT_OBJC_MSGSEND = YES;
				ENABLE_TESTABILITY = YES;
				ENABLE_USER_SCRIPT_SANDBOXING = YES;
				GCC_C_LANGUAGE_STANDARD = gnu17;
				GCC_DYNAMIC_NO_PIC = NO;
				GCC_NO_COMMON_BLOCKS = YES;
				GCC_OPTIMIZATION_LEVEL = 0;
				GCC_PREPROCESSOR_DEFINITIONS = (
					"DEBUG=1",
					"$(inherited)",
				);
				GCC_WARN_64_TO_32_BIT_CONVERSION = YES;
				GCC_WARN_ABOUT_RETURN_TYPE = YES_ERROR;
				GCC_WARN_UNDECLARED_SELECTOR = YES;
				GCC_WARN_UNINITIALIZED_AUTOS = YES_AGGRESSIVE;
				GCC_WARN_UNUSED_FUNCTION = YES;
				GCC_WARN_UNUSED_VARIABLE = YES;
				IPHONEOS_DEPLOYMENT_TARGET = 17.2;
				LOCALIZATION_PREFERS_STRING_CATALOGS = YES;
				MTL_ENABLE_DEBUG_INFO = INCLUDE_SOURCE;
				MTL_FAST_MATH = YES;
				ONLY_ACTIVE_ARCH = YES;
				SDKROOT = iphoneos;
				SWIFT_ACTIVE_COMPILATION_CONDITIONS = "DEBUG $(inherited)";
				SWIFT_OPTIMIZATION_LEVEL = "-Onone";
			};
			name = Debug;
		};
		0C9E799F2BDF975D00762566 /* Release */ = {
			isa = XCBuildConfiguration;
			buildSettings = {
				ALWAYS_SEARCH_USER_PATHS = NO;
				ASSETCATALOG_COMPILER_GENERATE_SWIFT_ASSET_SYMBOL_EXTENSIONS = YES;
				CLANG_ANALYZER_NONNULL = YES;
				CLANG_ANALYZER_NUMBER_OBJECT_CONVERSION = YES_AGGRESSIVE;
				CLANG_CXX_LANGUAGE_STANDARD = "gnu++20";
				CLANG_ENABLE_MODULES = YES;
				CLANG_ENABLE_OBJC_ARC = YES;
				CLANG_ENABLE_OBJC_WEAK = YES;
				CLANG_WARN_BLOCK_CAPTURE_AUTORELEASING = YES;
				CLANG_WARN_BOOL_CONVERSION = YES;
				CLANG_WARN_COMMA = YES;
				CLANG_WARN_CONSTANT_CONVERSION = YES;
				CLANG_WARN_DEPRECATED_OBJC_IMPLEMENTATIONS = YES;
				CLANG_WARN_DIRECT_OBJC_ISA_USAGE = YES_ERROR;
				CLANG_WARN_DOCUMENTATION_COMMENTS = YES;
				CLANG_WARN_EMPTY_BODY = YES;
				CLANG_WARN_ENUM_CONVERSION = YES;
				CLANG_WARN_INFINITE_RECURSION = YES;
				CLANG_WARN_INT_CONVERSION = YES;
				CLANG_WARN_NON_LITERAL_NULL_CONVERSION = YES;
				CLANG_WARN_OBJC_IMPLICIT_RETAIN_SELF = YES;
				CLANG_WARN_OBJC_LITERAL_CONVERSION = YES;
				CLANG_WARN_OBJC_ROOT_CLASS = YES_ERROR;
				CLANG_WARN_QUOTED_INCLUDE_IN_FRAMEWORK_HEADER = YES;
				CLANG_WARN_RANGE_LOOP_ANALYSIS = YES;
				CLANG_WARN_STRICT_PROTOTYPES = YES;
				CLANG_WARN_SUSPICIOUS_MOVE = YES;
				CLANG_WARN_UNGUARDED_AVAILABILITY = YES_AGGRESSIVE;
				CLANG_WARN_UNREACHABLE_CODE = YES;
				CLANG_WARN__DUPLICATE_METHOD_MATCH = YES;
				COPY_PHASE_STRIP = NO;
				DEBUG_INFORMATION_FORMAT = "dwarf-with-dsym";
				ENABLE_NS_ASSERTIONS = NO;
				ENABLE_STRICT_OBJC_MSGSEND = YES;
				ENABLE_USER_SCRIPT_SANDBOXING = YES;
				GCC_C_LANGUAGE_STANDARD = gnu17;
				GCC_NO_COMMON_BLOCKS = YES;
				GCC_WARN_64_TO_32_BIT_CONVERSION = YES;
				GCC_WARN_ABOUT_RETURN_TYPE = YES_ERROR;
				GCC_WARN_UNDECLARED_SELECTOR = YES;
				GCC_WARN_UNINITIALIZED_AUTOS = YES_AGGRESSIVE;
				GCC_WARN_UNUSED_FUNCTION = YES;
				GCC_WARN_UNUSED_VARIABLE = YES;
				IPHONEOS_DEPLOYMENT_TARGET = 17.2;
				LOCALIZATION_PREFERS_STRING_CATALOGS = YES;
				MTL_ENABLE_DEBUG_INFO = NO;
				MTL_FAST_MATH = YES;
				SDKROOT = iphoneos;
				SWIFT_COMPILATION_MODE = wholemodule;
				VALIDATE_PRODUCT = YES;
			};
			name = Release;
		};
		0C9E79A12BDF975D00762566 /* Debug */ = {
			isa = XCBuildConfiguration;
			buildSettings = {
				ASSETCATALOG_COMPILER_APPICON_NAME = AppIcon;
				ASSETCATALOG_COMPILER_GLOBAL_ACCENT_COLOR_NAME = AccentColor;
				CODE_SIGN_STYLE = Automatic;
				CURRENT_PROJECT_VERSION = 1;
				DEVELOPMENT_TEAM = G26B34VGFG;
				GENERATE_INFOPLIST_FILE = YES;
				INFOPLIST_FILE = "dacadoo technical exercise/Info.plist";
				INFOPLIST_KEY_UIApplicationSupportsIndirectInputEvents = YES;
				INFOPLIST_KEY_UILaunchStoryboardName = LaunchScreen;
				INFOPLIST_KEY_UIMainStoryboardFile = Main;
				INFOPLIST_KEY_UISupportedInterfaceOrientations_iPad = "UIInterfaceOrientationPortrait UIInterfaceOrientationPortraitUpsideDown UIInterfaceOrientationLandscapeLeft UIInterfaceOrientationLandscapeRight";
				INFOPLIST_KEY_UISupportedInterfaceOrientations_iPhone = "UIInterfaceOrientationPortrait UIInterfaceOrientationLandscapeLeft UIInterfaceOrientationLandscapeRight";
				LD_RUNPATH_SEARCH_PATHS = (
					"$(inherited)",
					"@executable_path/Frameworks",
				);
				MARKETING_VERSION = 1.0;
				PRODUCT_BUNDLE_IDENTIFIER = "com.archlime.dacadoo-technical-exercise";
				PRODUCT_NAME = "$(TARGET_NAME)";
				SWIFT_EMIT_LOC_STRINGS = YES;
				SWIFT_VERSION = 5.0;
				TARGETED_DEVICE_FAMILY = "1,2";
			};
			name = Debug;
		};
		0C9E79A22BDF975D00762566 /* Release */ = {
			isa = XCBuildConfiguration;
			buildSettings = {
				ASSETCATALOG_COMPILER_APPICON_NAME = AppIcon;
				ASSETCATALOG_COMPILER_GLOBAL_ACCENT_COLOR_NAME = AccentColor;
				CODE_SIGN_STYLE = Automatic;
				CURRENT_PROJECT_VERSION = 1;
				DEVELOPMENT_TEAM = G26B34VGFG;
				GENERATE_INFOPLIST_FILE = YES;
				INFOPLIST_FILE = "dacadoo technical exercise/Info.plist";
				INFOPLIST_KEY_UIApplicationSupportsIndirectInputEvents = YES;
				INFOPLIST_KEY_UILaunchStoryboardName = LaunchScreen;
				INFOPLIST_KEY_UIMainStoryboardFile = Main;
				INFOPLIST_KEY_UISupportedInterfaceOrientations_iPad = "UIInterfaceOrientationPortrait UIInterfaceOrientationPortraitUpsideDown UIInterfaceOrientationLandscapeLeft UIInterfaceOrientationLandscapeRight";
				INFOPLIST_KEY_UISupportedInterfaceOrientations_iPhone = "UIInterfaceOrientationPortrait UIInterfaceOrientationLandscapeLeft UIInterfaceOrientationLandscapeRight";
				LD_RUNPATH_SEARCH_PATHS = (
					"$(inherited)",
					"@executable_path/Frameworks",
				);
				MARKETING_VERSION = 1.0;
				PRODUCT_BUNDLE_IDENTIFIER = "com.archlime.dacadoo-technical-exercise";
				PRODUCT_NAME = "$(TARGET_NAME)";
				SWIFT_EMIT_LOC_STRINGS = YES;
				SWIFT_VERSION = 5.0;
				TARGETED_DEVICE_FAMILY = "1,2";
			};
			name = Release;
		};
/* End XCBuildConfiguration section */

/* Begin XCConfigurationList section */
		0C9E79872BDF975800762566 /* Build configuration list for PBXProject "dacadoo technical exercise" */ = {
			isa = XCConfigurationList;
			buildConfigurations = (
				0C9E799E2BDF975D00762566 /* Debug */,
				0C9E799F2BDF975D00762566 /* Release */,
			);
			defaultConfigurationIsVisible = 0;
			defaultConfigurationName = Release;
		};
		0C9E79A02BDF975D00762566 /* Build configuration list for PBXNativeTarget "dacadoo technical exercise" */ = {
			isa = XCConfigurationList;
			buildConfigurations = (
				0C9E79A12BDF975D00762566 /* Debug */,
				0C9E79A22BDF975D00762566 /* Release */,
			);
			defaultConfigurationIsVisible = 0;
			defaultConfigurationName = Release;
		};
/* End XCConfigurationList section */
	};
	rootObject = 0C9E79842BDF975800762566 /* Project object */;
}
